
Microsoft Visual Studio Solution File, Format Version 12.00
# Visual Studio Version 17
VisualStudioVersion = 17.7.34031.279
MinimumVisualStudioVersion = 10.0.40219.1
Project("{FAE04EC0-301F-11D3-BF4B-00C04F79EFBC}") = "NUnitTest", "NUnitTest\NUnitTest.csproj", "{91FFFB66-FB8B-4087-A935-646EB6364C0C}"
EndProject
Project("{FAE04EC0-301F-11D3-BF4B-00C04F79EFBC}") = "NUnitTestTests", "NUnitTestTests\NUnitTestTests.csproj", "{940E6519-D6A9-4143-8E95-689C60A830D3}"
EndProject
Global
	GlobalSection(SolutionConfigurationPlatforms) = preSolution
		Debug|Any CPU = Debug|Any CPU
		Release|Any CPU = Release|Any CPU
	EndGlobalSection
	GlobalSection(ProjectConfigurationPlatforms) = postSolution
		{91FFFB66-FB8B-4087-A935-646EB6364C0C}.Debug|Any CPU.ActiveCfg = Debug|Any CPU
		{91FFFB66-FB8B-4087-A935-646EB6364C0C}.Debug|Any CPU.Build.0 = Debug|Any CPU
		{91FFFB66-FB8B-4087-A935-646EB6364C0C}.Release|Any CPU.ActiveCfg = Release|Any CPU
		{91FFFB66-FB8B-4087-A935-646EB6364C0C}.Release|Any CPU.Build.0 = Release|Any CPU
		{940E6519-D6A9-4143-8E95-689C60A830D3}.Debug|Any CPU.ActiveCfg = Debug|Any CPU
		{940E6519-D6A9-4143-8E95-689C60A830D3}.Debug|Any CPU.Build.0 = Debug|Any CPU
		{940E6519-D6A9-4143-8E95-689C60A830D3}.Release|Any CPU.ActiveCfg = Release|Any CPU
		{940E6519-D6A9-4143-8E95-689C60A830D3}.Release|Any CPU.Build.0 = Release|Any CPU
	EndGlobalSection
	GlobalSection(SolutionProperties) = preSolution
		HideSolutionNode = FALSE
	EndGlobalSection
	GlobalSection(ExtensibilityGlobals) = postSolution
		SolutionGuid = {CEE7678D-7F44-4E64-B095-422450F8767D}
	EndGlobalSection
EndGlobal
